
Microsoft Visual Studio Solution File, Format Version 12.00
# Visual Studio Version 16
VisualStudioVersion = 16.0.31321.278
MinimumVisualStudioVersion = 10.0.40219.1
Project("{FAE04EC0-301F-11D3-BF4B-00C04F79EFBC}") = "ComputerScienceDistilled", "ComputerScienceDistilled\ComputerScienceDistilled.csproj", "{6DFF06EB-2528-49B9-965B-28556A324619}"
EndProject
Global
	GlobalSection(SolutionConfigurationPlatforms) = preSolution
		Debug|Any CPU = Debug|Any CPU
		Release|Any CPU = Release|Any CPU
	EndGlobalSection
	GlobalSection(ProjectConfigurationPlatforms) = postSolution
		{6DFF06EB-2528-49B9-965B-28556A324619}.Debug|Any CPU.ActiveCfg = Debug|Any CPU
		{6DFF06EB-2528-49B9-965B-28556A324619}.Debug|Any CPU.Build.0 = Debug|Any CPU
		{6DFF06EB-2528-49B9-965B-28556A324619}.Release|Any CPU.ActiveCfg = Release|Any CPU
		{6DFF06EB-2528-49B9-965B-28556A324619}.Release|Any CPU.Build.0 = Release|Any CPU
	EndGlobalSection
	GlobalSection(SolutionProperties) = preSolution
		HideSolutionNode = FALSE
	EndGlobalSection
	GlobalSection(ExtensibilityGlobals) = postSolution
		SolutionGuid = {830FCE4F-1BD6-4CCB-A69E-CF1779AAE062}
	EndGlobalSection
EndGlobal
